<Solution>
  <Folder Name="/src/">
    <Project Path="src/PeakTrailRecorder/PeakTrailRecorder.csproj" />
  </Folder>
  <Folder Name="/tests/">
    <Project Path="tests/AppearanceContract/AppearanceContract.csproj" />
    <Project Path="tests/HistoryContract/HistoryContract.csproj" />
    <Project Path="tests/RouteContract/RouteContract.csproj" />
    <Project Path="tests/TelemetryContract/TelemetryContract.csproj" />
    <Project Path="tests/WorldContract/WorldContract.csproj" />
  </Folder>
</Solution>
